// !$*UTF8*$!
{
	archiveVersion = 1;
	classes = {
	};
	objectVersion = 55;
	objects = {

/* Begin PBXBuildFile section */
		34B37A60283F0D1E000317B7 /* AppDelegate.swift in Sources */ = {isa = PBXBuildFile; fileRef = 34B37A5F283F0D1E000317B7 /* AppDelegate.swift */; };
		34B37A62283F0D1E000317B7 /* SceneDelegate.swift in Sources */ = {isa = PBXBuildFile; fileRef = 34B37A61283F0D1E000317B7 /* SceneDelegate.swift */; };
		34B37A64283F0D1E000317B7 /* ViewController.swift in Sources */ = {isa = PBXBuildFile; fileRef = 34B37A63283F0D1E000317B7 /* ViewController.swift */; };
		34B37A67283F0D1E000317B7 /* Main.storyboard in Resources */ = {isa = PBXBuildFile; fileRef = 34B37A65283F0D1E000317B7 /* Main.storyboard */; };
		34B37A69283F0D1F000317B7 /* Assets.xcassets in Resources */ = {isa = PBXBuildFile; fileRef = 34B37A68283F0D1F000317B7 /* Assets.xcassets */; };
		34B37A6C283F0D1F000317B7 /* LaunchScreen.storyboard in Resources */ = {isa = PBXBuildFile; fileRef = 34B37A6A283F0D1F000317B7 /* LaunchScreen.storyboard */; };
		34C2AA372845421000B5A30B /* leaderboard.xcdatamodeld in Sources */ = {isa = PBXBuildFile; fileRef = 34C2AA352845421000B5A30B /* leaderboard.xcdatamodeld */; };
		34C2AA392845487200B5A30B /* ScoreController.swift in Sources */ = {isa = PBXBuildFile; fileRef = 34C2AA382845487200B5A30B /* ScoreController.swift */; };
/* End PBXBuildFile section */

/* Begin PBXFileReference section */
		34B37A5C283F0D1E000317B7 /* FA_SabinRegmi_C0856358_IOS.app */ = {isa = PBXFileReference; explicitFileType = wrapper.application; includeInIndex = 0; path = FA_SabinRegmi_C0856358_IOS.app; sourceTree = BUILT_PRODUCTS_DIR; };
		34B37A5F283F0D1E000317B7 /* AppDelegate.swift */ = {isa = PBXFileReference; lastKnownFileType = sourcecode.swift; path = AppDelegate.swift; sourceTree = "<group>"; };
		34B37A61283F0D1E000317B7 /* SceneDelegate.swift */ = {isa = PBXFileReference; lastKnownFileType = sourcecode.swift; path = SceneDelegate.swift; sourceTree = "<group>"; };
		34B37A63283F0D1E000317B7 /* ViewController.swift */ = {isa = PBXFileReference; lastKnownFileType = sourcecode.swift; path = ViewController.swift; sourceTree = "<group>"; };
		34B37A66283F0D1E000317B7 /* Base */ = {isa = PBXFileReference; lastKnownFileType = file.storyboard; name = Base; path = Base.lproj/Main.storyboard; sourceTree = "<group>"; };
		34B37A68283F0D1F000317B7 /* Assets.xcassets */ = {isa = PBXFileReference; lastKnownFileType = folder.assetcatalog; path = Assets.xcassets; sourceTree = "<group>"; };
		34B37A6B283F0D1F000317B7 /* Base */ = {isa = PBXFileReference; lastKnownFileType = file.storyboard; name = Base; path = Base.lproj/LaunchScreen.storyboard; sourceTree = "<group>"; };
		34B37A6D283F0D1F000317B7 /* Info.plist */ = {isa = PBXFileReference; lastKnownFileType = text.plist.xml; path = Info.plist; sourceTree = "<group>"; };
		34C2AA362845421000B5A30B /* leaderboard.xcdatamodel */ = {isa = PBXFileReference; lastKnownFileType = wrapper.xcdatamodel; path = leaderboard.xcdatamodel; sourceTree = "<group>"; };
		34C2AA382845487200B5A30B /* ScoreController.swift */ = {isa = PBXFileReference; lastKnownFileType = sourcecode.swift; path = ScoreController.swift; sourceTree = "<group>"; };
/* End PBXFileReference section */

/* Begin PBXFrameworksBuildPhase section */
		34B37A59283F0D1E000317B7 /* Frameworks */ = {
			isa = PBXFrameworksBuildPhase;
			buildActionMask = 2147483647;
			files = (
			);
			runOnlyForDeploymentPostprocessing = 0;
		};
/* End PBXFrameworksBuildPhase section */

/* Begin PBXGroup section */
		34B37A53283F0D1E000317B7 = {
			isa = PBXGroup;
			children = (
				34B37A5E283F0D1E000317B7 /* FA_SabinRegmi_C0856358_IOS */,
				34B37A5D283F0D1E000317B7 /* Products */,
			);
			sourceTree = "<group>";
		};
		34B37A5D283F0D1E000317B7 /* Products */ = {
			isa = PBXGroup;
			children = (
				34B37A5C283F0D1E000317B7 /* FA_SabinRegmi_C0856358_IOS.app */,
			);
			name = Products;
			sourceTree = "<group>";
		};
		34B37A5E283F0D1E000317B7 /* FA_SabinRegmi_C0856358_IOS */ = {
			isa = PBXGroup;
			children = (
				34B37A77283F1019000317B7 /* utils */,
				34B37A76283F1008000317B7 /* resources */,
				34B37A75283F1001000317B7 /* controller */,
				34B37A74283F0FFA000317B7 /* view */,
				34B37A73283F0FF2000317B7 /* model */,
				34B37A6D283F0D1F000317B7 /* Info.plist */,
				34C2AA352845421000B5A30B /* leaderboard.xcdatamodeld */,
			);
			path = FA_SabinRegmi_C0856358_IOS;
			sourceTree = "<group>";
		};
		34B37A73283F0FF2000317B7 /* model */ = {
			isa = PBXGroup;
			children = (
			);
			path = model;
			sourceTree = "<group>";
		};
		34B37A74283F0FFA000317B7 /* view */ = {
			isa = PBXGroup;
			children = (
				34B37A6A283F0D1F000317B7 /* LaunchScreen.storyboard */,
				34B37A65283F0D1E000317B7 /* Main.storyboard */,
			);
			path = view;
			sourceTree = "<group>";
		};
		34B37A75283F1001000317B7 /* controller */ = {
			isa = PBXGroup;
			children = (
				34B37A63283F0D1E000317B7 /* ViewController.swift */,
				34C2AA382845487200B5A30B /* ScoreController.swift */,
			);
			path = controller;
			sourceTree = "<group>";
		};
		34B37A76283F1008000317B7 /* resources */ = {
			isa = PBXGroup;
			children = (
				34B37A68283F0D1F000317B7 /* Assets.xcassets */,
			);
			path = resources;
			sourceTree = "<group>";
		};
		34B37A77283F1019000317B7 /* utils */ = {
			isa = PBXGroup;
			children = (
				34B37A61283F0D1E000317B7 /* SceneDelegate.swift */,
				34B37A5F283F0D1E000317B7 /* AppDelegate.swift */,
			);
			path = utils;
			sourceTree = "<group>";
		};
/* End PBXGroup section */

/* Begin PBXNativeTarget section */
		34B37A5B283F0D1E000317B7 /* FA_SabinRegmi_C0856358_IOS */ = {
			isa = PBXNativeTarget;
			buildConfigurationList = 34B37A70283F0D1F000317B7 /* Build configuration list for PBXNativeTarget "FA_SabinRegmi_C0856358_IOS" */;
			buildPhases = (
				34B37A58283F0D1E000317B7 /* Sources */,
				34B37A59283F0D1E000317B7 /* Frameworks */,
				34B37A5A283F0D1E000317B7 /* Resources */,
			);
			buildRules = (
			);
			dependencies = (
			);
			name = FA_SabinRegmi_C0856358_IOS;
			productName = FA_SabinRegmi_C0856358_IOS;
			productReference = 34B37A5C283F0D1E000317B7 /* FA_SabinRegmi_C0856358_IOS.app */;
			productType = "com.apple.product-type.application";
		};
/* End PBXNativeTarget section */

/* Begin PBXProject section */
		34B37A54283F0D1E000317B7 /* Project object */ = {
			isa = PBXProject;
			attributes = {
				BuildIndependentTargetsInParallel = 1;
				LastSwiftUpdateCheck = 1340;
				LastUpgradeCheck = 1340;
				TargetAttributes = {
					34B37A5B283F0D1E000317B7 = {
						CreatedOnToolsVersion = 13.4;
					};
				};
			};
			buildConfigurationList = 34B37A57283F0D1E000317B7 /* Build configuration list for PBXProject "FA_SabinRegmi_C0856358_IOS" */;
			compatibilityVersion = "Xcode 13.0";
			developmentRegion = en;
			hasScannedForEncodings = 0;
			knownRegions = (
				en,
				Base,
			);
			mainGroup = 34B37A53283F0D1E000317B7;
			productRefGroup = 34B37A5D283F0D1E000317B7 /* Products */;
			projectDirPath = "";
			projectRoot = "";
			targets = (
				34B37A5B283F0D1E000317B7 /* FA_SabinRegmi_C0856358_IOS */,
			);
		};
/* End PBXProject section */

/* Begin PBXResourcesBuildPhase section */
		34B37A5A283F0D1E000317B7 /* Resources */ = {
			isa = PBXResourcesBuildPhase;
			buildActionMask = 2147483647;
			files = (
				34B37A6C283F0D1F000317B7 /* LaunchScreen.storyboard in Resources */,
				34B37A69283F0D1F000317B7 /* Assets.xcassets in Resources */,
				34B37A67283F0D1E000317B7 /* Main.storyboard in Resources */,
			);
			runOnlyForDeploymentPostprocessing = 0;
		};
/* End PBXResourcesBuildPhase section */

/* Begin PBXSourcesBuildPhase section */
		34B37A58283F0D1E000317B7 /* Sources */ = {
			isa = PBXSourcesBuildPhase;
			buildActionMask = 2147483647;
			files = (
				34C2AA392845487200B5A30B /* ScoreController.swift in Sources */,
				34B37A64283F0D1E000317B7 /* ViewController.swift in Sources */,
				34B37A60283F0D1E000317B7 /* AppDelegate.swift in Sources */,
				34B37A62283F0D1E000317B7 /* SceneDelegate.swift in Sources */,
				34C2AA372845421000B5A30B /* leaderboard.xcdatamodeld in Sources */,
			);
			runOnlyForDeploymentPostprocessing = 0;
		};
/* End PBXSourcesBuildPhase section */

/* Begin PBXVariantGroup section */
		34B37A65283F0D1E000317B7 /* Main.storyboard */ = {
			isa = PBXVariantGroup;
			children = (
				34B37A66283F0D1E000317B7 /* Base */,
			);
			name = Main.storyboard;
			sourceTree = "<group>";
		};
		34B37A6A283F0D1F000317B7 /* LaunchScreen.storyboard */ = {
			isa = PBXVariantGroup;
			children = (
				34B37A6B283F0D1F000317B7 /* Base */,
			);
			name = LaunchScreen.storyboard;
			sourceTree = "<group>";
		};
/* End PBXVariantGroup section */

/* Begin XCBuildConfiguration section */
		34B37A6E283F0D1F000317B7 /* Debug */ = {
			isa = XCBuildConfiguration;
			buildSettings = {
				ALWAYS_SEARCH_USER_PATHS = NO;
				CLANG_ANALYZER_NONNULL = YES;
				CLANG_ANALYZER_NUMBER_OBJECT_CONVERSION = YES_AGGRESSIVE;
				CLANG_CXX_LANGUAGE_STANDARD = "gnu++17";
				CLANG_ENABLE_MODULES = YES;
				CLANG_ENABLE_OBJC_ARC = YES;
				CLANG_ENABLE_OBJC_WEAK = YES;
				CLANG_WARN_BLOCK_CAPTURE_AUTORELEASING = YES;
				CLANG_WARN_BOOL_CONVERSION = YES;
				CLANG_WARN_COMMA = YES;
				CLANG_WARN_CONSTANT_CONVERSION = YES;
				CLANG_WARN_DEPRECATED_OBJC_IMPLEMENTATIONS = YES;
				CLANG_WARN_DIRECT_OBJC_ISA_USAGE = YES_ERROR;
				CLANG_WARN_DOCUMENTATION_COMMENTS = YES;
				CLANG_WARN_EMPTY_BODY = YES;
				CLANG_WARN_ENUM_CONVERSION = YES;
				CLANG_WARN_INFINITE_RECURSION = YES;
				CLANG_WARN_INT_CONVERSION = YES;
				CLANG_WARN_NON_LITERAL_NULL_CONVERSION = YES;
				CLANG_WARN_OBJC_IMPLICIT_RETAIN_SELF = YES;
				CLANG_WARN_OBJC_LITERAL_CONVERSION = YES;
				CLANG_WARN_OBJC_ROOT_CLASS = YES_ERROR;
				CLANG_WARN_QUOTED_INCLUDE_IN_FRAMEWORK_HEADER = YES;
				CLANG_WARN_RANGE_LOOP_ANALYSIS = YES;
				CLANG_WARN_STRICT_PROTOTYPES = YES;
				CLANG_WARN_SUSPICIOUS_MOVE = YES;
				CLANG_WARN_UNGUARDED_AVAILABILITY = YES_AGGRESSIVE;
				CLANG_WARN_UNREACHABLE_CODE = YES;
				CLANG_WARN__DUPLICATE_METHOD_MATCH = YES;
				COPY_PHASE_STRIP = NO;
				DEBUG_INFORMATION_FORMAT = dwarf;
				ENABLE_STRICT_OBJC_MSGSEND = YES;
				ENABLE_TESTABILITY = YES;
				GCC_C_LANGUAGE_STANDARD = gnu11;
				GCC_DYNAMIC_NO_PIC = NO;
				GCC_NO_COMMON_BLOCKS = YES;
				GCC_OPTIMIZATION_LEVEL = 0;
				GCC_PREPROCESSOR_DEFINITIONS = (
					"DEBUG=1",
					"$(inherited)",
				);
				GCC_WARN_64_TO_32_BIT_CONVERSION = YES;
				GCC_WARN_ABOUT_RETURN_TYPE = YES_ERROR;
				GCC_WARN_UNDECLARED_SELECTOR = YES;
				GCC_WARN_UNINITIALIZED_AUTOS = YES_AGGRESSIVE;
				GCC_WARN_UNUSED_FUNCTION = YES;
				GCC_WARN_UNUSED_VARIABLE = YES;
				IPHONEOS_DEPLOYMENT_TARGET = 15.5;
				MTL_ENABLE_DEBUG_INFO = INCLUDE_SOURCE;
				MTL_FAST_MATH = YES;
				ONLY_ACTIVE_ARCH = YES;
				SDKROOT = iphoneos;
				SWIFT_ACTIVE_COMPILATION_CONDITIONS = DEBUG;
				SWIFT_OPTIMIZATION_LEVEL = "-Onone";
			};
			name = Debug;
		};
		34B37A6F283F0D1F000317B7 /* Release */ = {
			isa = XCBuildConfiguration;
			buildSettings = {
				ALWAYS_SEARCH_USER_PATHS = NO;
				CLANG_ANALYZER_NONNULL = YES;
				CLANG_ANALYZER_NUMBER_OBJECT_CONVERSION = YES_AGGRESSIVE;
				CLANG_CXX_LANGUAGE_STANDARD = "gnu++17";
				CLANG_ENABLE_MODULES = YES;
				CLANG_ENABLE_OBJC_ARC = YES;
				CLANG_ENABLE_OBJC_WEAK = YES;
				CLANG_WARN_BLOCK_CAPTURE_AUTORELEASING = YES;
				CLANG_WARN_BOOL_CONVERSION = YES;
				CLANG_WARN_COMMA = YES;
				CLANG_WARN_CONSTANT_CONVERSION = YES;
				CLANG_WARN_DEPRECATED_OBJC_IMPLEMENTATIONS = YES;
				CLANG_WARN_DIRECT_OBJC_ISA_USAGE = YES_ERROR;
				CLANG_WARN_DOCUMENTATION_COMMENTS = YES;
				CLANG_WARN_EMPTY_BODY = YES;
				CLANG_WARN_ENUM_CONVERSION = YES;
				CLANG_WARN_INFINITE_RECURSION = YES;
				CLANG_WARN_INT_CONVERSION = YES;
				CLANG_WARN_NON_LITERAL_NULL_CONVERSION = YES;
				CLANG_WARN_OBJC_IMPLICIT_RETAIN_SELF = YES;
				CLANG_WARN_OBJC_LITERAL_CONVERSION = YES;
				CLANG_WARN_OBJC_ROOT_CLASS = YES_ERROR;
				CLANG_WARN_QUOTED_INCLUDE_IN_FRAMEWORK_HEADER = YES;
				CLANG_WARN_RANGE_LOOP_ANALYSIS = YES;
				CLANG_WARN_STRICT_PROTOTYPES = YES;
				CLANG_WARN_SUSPICIOUS_MOVE = YES;
				CLANG_WARN_UNGUARDED_AVAILABILITY = YES_AGGRESSIVE;
				CLANG_WARN_UNREACHABLE_CODE = YES;
				CLANG_WARN__DUPLICATE_METHOD_MATCH = YES;
				COPY_PHASE_STRIP = NO;
				DEBUG_INFORMATION_FORMAT = "dwarf-with-dsym";
				ENABLE_NS_ASSERTIONS = NO;
				ENABLE_STRICT_OBJC_MSGSEND = YES;
				GCC_C_LANGUAGE_STANDARD = gnu11;
				GCC_NO_COMMON_BLOCKS = YES;
				GCC_WARN_64_TO_32_BIT_CONVERSION = YES;
				GCC_WARN_ABOUT_RETURN_TYPE = YES_ERROR;
				GCC_WARN_UNDECLARED_SELECTOR = YES;
				GCC_WARN_UNINITIALIZED_AUTOS = YES_AGGRESSIVE;
				GCC_WARN_UNUSED_FUNCTION = YES;
				GCC_WARN_UNUSED_VARIABLE = YES;
				IPHONEOS_DEPLOYMENT_TARGET = 15.5;
				MTL_ENABLE_DEBUG_INFO = NO;
				MTL_FAST_MATH = YES;
				SDKROOT = iphoneos;
				SWIFT_COMPILATION_MODE = wholemodule;
				SWIFT_OPTIMIZATION_LEVEL = "-O";
				VALIDATE_PRODUCT = YES;
			};
			name = Release;
		};
		34B37A71283F0D1F000317B7 /* Debug */ = {
			isa = XCBuildConfiguration;
			buildSettings = {
				ASSETCATALOG_COMPILER_APPICON_NAME = AppIcon;
				ASSETCATALOG_COMPILER_GLOBAL_ACCENT_COLOR_NAME = AccentColor;
				CODE_SIGN_STYLE = Automatic;
				CURRENT_PROJECT_VERSION = 1;
				GENERATE_INFOPLIST_FILE = YES;
				INFOPLIST_FILE = FA_SabinRegmi_C0856358_IOS/Info.plist;
				INFOPLIST_KEY_UIApplicationSupportsIndirectInputEvents = YES;
				INFOPLIST_KEY_UILaunchStoryboardName = LaunchScreen;
				INFOPLIST_KEY_UIMainStoryboardFile = Main;
				INFOPLIST_KEY_UISupportedInterfaceOrientations_iPad = "UIInterfaceOrientationPortrait UIInterfaceOrientationPortraitUpsideDown UIInterfaceOrientationLandscapeLeft UIInterfaceOrientationLandscapeRight";
				INFOPLIST_KEY_UISupportedInterfaceOrientations_iPhone = "UIInterfaceOrientationPortrait UIInterfaceOrientationLandscapeLeft UIInterfaceOrientationLandscapeRight";
				LD_RUNPATH_SEARCH_PATHS = (
					"$(inherited)",
					"@executable_path/Frameworks",
				);
				MARKETING_VERSION = 1.0;
				PRODUCT_BUNDLE_IDENTIFIER = "com.srhqnepal.FA-SabinRegmi-C0856358-IOS";
				PRODUCT_NAME = "$(TARGET_NAME)";
				SWIFT_EMIT_LOC_STRINGS = YES;
				SWIFT_VERSION = 5.0;
				TARGETED_DEVICE_FAMILY = "1,2";
			};
			name = Debug;
		};
		34B37A72283F0D1F000317B7 /* Release */ = {
			isa = XCBuildConfiguration;
			buildSettings = {
				ASSETCATALOG_COMPILER_APPICON_NAME = AppIcon;
				ASSETCATALOG_COMPILER_GLOBAL_ACCENT_COLOR_NAME = AccentColor;
				CODE_SIGN_STYLE = Automatic;
				CURRENT_PROJECT_VERSION = 1;
				GENERATE_INFOPLIST_FILE = YES;
				INFOPLIST_FILE = FA_SabinRegmi_C0856358_IOS/Info.plist;
				INFOPLIST_KEY_UIApplicationSupportsIndirectInputEvents = YES;
				INFOPLIST_KEY_UILaunchStoryboardName = LaunchScreen;
				INFOPLIST_KEY_UIMainStoryboardFile = Main;
				INFOPLIST_KEY_UISupportedInterfaceOrientations_iPad = "UIInterfaceOrientationPortrait UIInterfaceOrientationPortraitUpsideDown UIInterfaceOrientationLandscapeLeft UIInterfaceOrientationLandscapeRight";
				INFOPLIST_KEY_UISupportedInterfaceOrientations_iPhone = "UIInterfaceOrientationPortrait UIInterfaceOrientationLandscapeLeft UIInterfaceOrientationLandscapeRight";
				LD_RUNPATH_SEARCH_PATHS = (
					"$(inherited)",
					"@executable_path/Frameworks",
				);
				MARKETING_VERSION = 1.0;
				PRODUCT_BUNDLE_IDENTIFIER = "com.srhqnepal.FA-SabinRegmi-C0856358-IOS";
				PRODUCT_NAME = "$(TARGET_NAME)";
				SWIFT_EMIT_LOC_STRINGS = YES;
				SWIFT_VERSION = 5.0;
				TARGETED_DEVICE_FAMILY = "1,2";
			};
			name = Release;
		};
/* End XCBuildConfiguration section */

/* Begin XCConfigurationList section */
		34B37A57283F0D1E000317B7 /* Build configuration list for PBXProject "FA_SabinRegmi_C0856358_IOS" */ = {
			isa = XCConfigurationList;
			buildConfigurations = (
				34B37A6E283F0D1F000317B7 /* Debug */,
				34B37A6F283F0D1F000317B7 /* Release */,
			);
			defaultConfigurationIsVisible = 0;
			defaultConfigurationName = Release;
		};
		34B37A70283F0D1F000317B7 /* Build configuration list for PBXNativeTarget "FA_SabinRegmi_C0856358_IOS" */ = {
			isa = XCConfigurationList;
			buildConfigurations = (
				34B37A71283F0D1F000317B7 /* Debug */,
				34B37A72283F0D1F000317B7 /* Release */,
			);
			defaultConfigurationIsVisible = 0;
			defaultConfigurationName = Release;
		};
/* End XCConfigurationList section */

/* Begin XCVersionGroup section */
		34C2AA352845421000B5A30B /* leaderboard.xcdatamodeld */ = {
			isa = XCVersionGroup;
			children = (
				34C2AA362845421000B5A30B /* leaderboard.xcdatamodel */,
			);
			currentVersion = 34C2AA362845421000B5A30B /* leaderboard.xcdatamodel */;
			path = leaderboard.xcdatamodeld;
			sourceTree = "<group>";
			versionGroupType = wrapper.xcdatamodel;
		};
/* End XCVersionGroup section */
	};
	rootObject = 34B37A54283F0D1E000317B7 /* Project object */;
}
